
Microsoft Visual Studio Solution File, Format Version 12.00
# Visual Studio Version 16
VisualStudioVersion = 16.0.29519.181
MinimumVisualStudioVersion = 10.0.40219.1
Project("{FAE04EC0-301F-11D3-BF4B-00C04F79EFBC}") = "AzurePipeLine", "AzurePipeLine.csproj", "{1F860065-467C-4855-92EE-ECF408551687}"
EndProject
Global
	GlobalSection(SolutionConfigurationPlatforms) = preSolution
		Debug|Any CPU = Debug|Any CPU
		Release|Any CPU = Release|Any CPU
	EndGlobalSection
	GlobalSection(ProjectConfigurationPlatforms) = postSolution
		{1F860065-467C-4855-92EE-ECF408551687}.Debug|Any CPU.ActiveCfg = Debug|Any CPU
		{1F860065-467C-4855-92EE-ECF408551687}.Debug|Any CPU.Build.0 = Debug|Any CPU
		{1F860065-467C-4855-92EE-ECF408551687}.Release|Any CPU.ActiveCfg = Release|Any CPU
		{1F860065-467C-4855-92EE-ECF408551687}.Release|Any CPU.Build.0 = Release|Any CPU
	EndGlobalSection
	GlobalSection(SolutionProperties) = preSolution
		HideSolutionNode = FALSE
	EndGlobalSection
	GlobalSection(ExtensibilityGlobals) = postSolution
		SolutionGuid = {C1E7EBA3-FAEA-4B94-ACAD-3E295F7B8ABC}
	EndGlobalSection
EndGlobal
